
Microsoft Visual Studio Solution File, Format Version 12.00
# Visual Studio Version 16
VisualStudioVersion = 16.0.29418.71
MinimumVisualStudioVersion = 10.0.40219.1
Project("{9A19103F-16F7-4668-BE54-9A1E7A4F7556}") = "Route4MeDbExample", "Route4MeDbExample\Route4MeDbExample.csproj", "{831A27DF-D693-48C5-A4DC-00AA22827884}"
EndProject
Global
	GlobalSection(SolutionConfigurationPlatforms) = preSolution
		Debug|Any CPU = Debug|Any CPU
		Release|Any CPU = Release|Any CPU
	EndGlobalSection
	GlobalSection(ProjectConfigurationPlatforms) = postSolution
		{831A27DF-D693-48C5-A4DC-00AA22827884}.Debug|Any CPU.ActiveCfg = Release|Any CPU
		{831A27DF-D693-48C5-A4DC-00AA22827884}.Debug|Any CPU.Build.0 = Release|Any CPU
		{831A27DF-D693-48C5-A4DC-00AA22827884}.Release|Any CPU.ActiveCfg = Release|Any CPU
		{831A27DF-D693-48C5-A4DC-00AA22827884}.Release|Any CPU.Build.0 = Release|Any CPU
	EndGlobalSection
	GlobalSection(SolutionProperties) = preSolution
		HideSolutionNode = FALSE
	EndGlobalSection
	GlobalSection(ExtensibilityGlobals) = postSolution
		SolutionGuid = {AD1511FD-3DA7-4BF7-90D8-A31D7ADBD089}
	EndGlobalSection
EndGlobal
