
Microsoft Visual Studio Solution File, Format Version 12.00
# Visual Studio Version 16
VisualStudioVersion = 16.0.29123.88
MinimumVisualStudioVersion = 10.0.40219.1
Project("{9A19103F-16F7-4668-BE54-9A1E7A4F7556}") = "ApplicationCore", "ApplicationCore\ApplicationCore.csproj", "{4C4B9E03-92A0-4E2A-9CA9-2F23510BC3A8}"
EndProject
Project("{9A19103F-16F7-4668-BE54-9A1E7A4F7556}") = "Infrastructure", "Infrastructure\Infrastructure.csproj", "{9EEB733F-3695-478A-BA9F-D4B10F753B47}"
EndProject
Project("{00D1A9C2-B5F0-4AF3-8072-F6C62B433612}") = "Route4MeDbDesign", "Route4MeDbDesign\Route4MeDbDesign.sqlproj", "{2E2FFF1F-7EDB-4C36-9D41-63DD95336255}"
EndProject
Project("{9A19103F-16F7-4668-BE54-9A1E7A4F7556}") = "Route4MeDbLibrary", "Route4MeDbLibrary\Route4MeDbLibrary.csproj", "{1D2533B7-B671-4EF0-87F0-016858A4E017}"
EndProject
Project("{2150E333-8FDC-42A3-9474-1A3956D46DE8}") = "tests", "tests", "{517226A4-0A40-4CF8-857F-3C46B9E0B48F}"
	ProjectSection(SolutionItems) = preProject
		Route4MeDbLibrary\Class1.cs = Route4MeDbLibrary\Class1.cs
	EndProjectSection
EndProject
Project("{FAE04EC0-301F-11D3-BF4B-00C04F79EFBC}") = "IntegrationTests", "IntegrationTests\IntegrationTests.csproj", "{47A9EC5C-8C23-4B7A-AFFB-1761ABBA3A86}"
EndProject
Global
	GlobalSection(SolutionConfigurationPlatforms) = preSolution
		Debug|Any CPU = Debug|Any CPU
		Release|Any CPU = Release|Any CPU
	EndGlobalSection
	GlobalSection(ProjectConfigurationPlatforms) = postSolution
		{4C4B9E03-92A0-4E2A-9CA9-2F23510BC3A8}.Debug|Any CPU.ActiveCfg = Debug|Any CPU
		{4C4B9E03-92A0-4E2A-9CA9-2F23510BC3A8}.Debug|Any CPU.Build.0 = Debug|Any CPU
		{4C4B9E03-92A0-4E2A-9CA9-2F23510BC3A8}.Release|Any CPU.ActiveCfg = Release|Any CPU
		{4C4B9E03-92A0-4E2A-9CA9-2F23510BC3A8}.Release|Any CPU.Build.0 = Release|Any CPU
		{9EEB733F-3695-478A-BA9F-D4B10F753B47}.Debug|Any CPU.ActiveCfg = Debug|Any CPU
		{9EEB733F-3695-478A-BA9F-D4B10F753B47}.Debug|Any CPU.Build.0 = Debug|Any CPU
		{9EEB733F-3695-478A-BA9F-D4B10F753B47}.Release|Any CPU.ActiveCfg = Release|Any CPU
		{9EEB733F-3695-478A-BA9F-D4B10F753B47}.Release|Any CPU.Build.0 = Release|Any CPU
		{2E2FFF1F-7EDB-4C36-9D41-63DD95336255}.Debug|Any CPU.ActiveCfg = Debug|Any CPU
		{2E2FFF1F-7EDB-4C36-9D41-63DD95336255}.Debug|Any CPU.Build.0 = Debug|Any CPU
		{2E2FFF1F-7EDB-4C36-9D41-63DD95336255}.Debug|Any CPU.Deploy.0 = Debug|Any CPU
		{2E2FFF1F-7EDB-4C36-9D41-63DD95336255}.Release|Any CPU.ActiveCfg = Release|Any CPU
		{2E2FFF1F-7EDB-4C36-9D41-63DD95336255}.Release|Any CPU.Build.0 = Release|Any CPU
		{2E2FFF1F-7EDB-4C36-9D41-63DD95336255}.Release|Any CPU.Deploy.0 = Release|Any CPU
		{1D2533B7-B671-4EF0-87F0-016858A4E017}.Debug|Any CPU.ActiveCfg = Debug|Any CPU
		{1D2533B7-B671-4EF0-87F0-016858A4E017}.Debug|Any CPU.Build.0 = Debug|Any CPU
		{1D2533B7-B671-4EF0-87F0-016858A4E017}.Release|Any CPU.ActiveCfg = Release|Any CPU
		{1D2533B7-B671-4EF0-87F0-016858A4E017}.Release|Any CPU.Build.0 = Release|Any CPU
		{47A9EC5C-8C23-4B7A-AFFB-1761ABBA3A86}.Debug|Any CPU.ActiveCfg = Debug|Any CPU
		{47A9EC5C-8C23-4B7A-AFFB-1761ABBA3A86}.Debug|Any CPU.Build.0 = Debug|Any CPU
		{47A9EC5C-8C23-4B7A-AFFB-1761ABBA3A86}.Release|Any CPU.ActiveCfg = Release|Any CPU
		{47A9EC5C-8C23-4B7A-AFFB-1761ABBA3A86}.Release|Any CPU.Build.0 = Release|Any CPU
	EndGlobalSection
	GlobalSection(SolutionProperties) = preSolution
		HideSolutionNode = FALSE
	EndGlobalSection
	GlobalSection(NestedProjects) = preSolution
		{47A9EC5C-8C23-4B7A-AFFB-1761ABBA3A86} = {517226A4-0A40-4CF8-857F-3C46B9E0B48F}
	EndGlobalSection
	GlobalSection(ExtensibilityGlobals) = postSolution
		SolutionGuid = {601AABD6-AF1D-43DD-A37C-A38689665412}
	EndGlobalSection
EndGlobal
