
Microsoft Visual Studio Solution File, Format Version 12.00
# Visual Studio Version 16
VisualStudioVersion = 16.0.31424.327
MinimumVisualStudioVersion = 10.0.40219.1
Project("{FAE04EC0-301F-11D3-BF4B-00C04F79EFBC}") = "AspNetCoreExample", "AspNetCoreExample\AspNetCoreExample.csproj", "{9525CECE-A049-459B-8BDF-6F4419098BF7}"
EndProject
Global
	GlobalSection(SolutionConfigurationPlatforms) = preSolution
		Debug|Any CPU = Debug|Any CPU
		Release|Any CPU = Release|Any CPU
	EndGlobalSection
	GlobalSection(ProjectConfigurationPlatforms) = postSolution
		{9525CECE-A049-459B-8BDF-6F4419098BF7}.Debug|Any CPU.ActiveCfg = Debug|Any CPU
		{9525CECE-A049-459B-8BDF-6F4419098BF7}.Debug|Any CPU.Build.0 = Debug|Any CPU
		{9525CECE-A049-459B-8BDF-6F4419098BF7}.Release|Any CPU.ActiveCfg = Release|Any CPU
		{9525CECE-A049-459B-8BDF-6F4419098BF7}.Release|Any CPU.Build.0 = Release|Any CPU
	EndGlobalSection
	GlobalSection(SolutionProperties) = preSolution
		HideSolutionNode = FALSE
	EndGlobalSection
	GlobalSection(ExtensibilityGlobals) = postSolution
		SolutionGuid = {0D3ED22E-94D1-47BD-B68C-A6C481698852}
	EndGlobalSection
EndGlobal
